
Microsoft Visual Studio Solution File, Format Version 12.00
# Visual Studio Version 17
VisualStudioVersion = 17.0.31903.59
MinimumVisualStudioVersion = 10.0.40219.1
Project("{9A19103F-16F7-4668-BE54-9A1E7A4F7556}") = "Internal.Audit.Api", "Internal.Audit.Api\Internal.Audit.Api.csproj", "{41DD35FE-67F7-4381-B019-099B4E0AF2A5}"
EndProject
Project("{9A19103F-16F7-4668-BE54-9A1E7A4F7556}") = "Internal.Audit.Application", "Internal.Audit.Application\Internal.Audit.Application.csproj", "{3F46F36D-5530-4979-A87E-E3F93BB4AEFB}"
EndProject
Project("{9A19103F-16F7-4668-BE54-9A1E7A4F7556}") = "Internal.Audit.Domain", "Internal.Audit.Domain\Internal.Audit.Domain.csproj", "{56BD7B48-16BC-4459-AEFA-CD8C930F72C4}"
EndProject
Project("{9A19103F-16F7-4668-BE54-9A1E7A4F7556}") = "Internal.Audit.Infrastructure.Notification", "Internal.Audit.Infrastructure.Notification\Internal.Audit.Infrastructure.Notification.csproj", "{0A9588B3-6683-407B-92D0-962129CD152F}"
EndProject
Project("{9A19103F-16F7-4668-BE54-9A1E7A4F7556}") = "Internal.Audit.Infrastructure.Persistent", "Internal.Audit.Infrastructure.Persistent\Internal.Audit.Infrastructure.Persistent.csproj", "{67D8EB73-1C43-48B1-B484-66F00222189A}"
EndProject
Project("{9A19103F-16F7-4668-BE54-9A1E7A4F7556}") = "Internal.Audit.Test", "Internal.Audit.Test\Internal.Audit.Test.csproj", "{256497F6-512D-48A8-8FBF-DE9869BA5B8D}"
EndProject
Project("{9A19103F-16F7-4668-BE54-9A1E7A4F7556}") = "Internal.Audit.Infrastructure.MQService", "Internal.Audit.Infrastructure.MQService\Internal.Audit.Infrastructure.MQService.csproj", "{9C16396B-BDE0-4DBE-BC00-77697F8805EB}"
EndProject
Project("{FAE04EC0-301F-11D3-BF4B-00C04F79EFBC}") = "Internal.Audit.Consumer.Service", "Internal.Audit.Consumer.Service\Internal.Audit.Consumer.Service.csproj", "{85F78248-B034-4DC1-A032-09ED026804B5}"
EndProject
Global
	GlobalSection(SolutionConfigurationPlatforms) = preSolution
		Debug|Any CPU = Debug|Any CPU
		Release|Any CPU = Release|Any CPU
	EndGlobalSection
	GlobalSection(ProjectConfigurationPlatforms) = postSolution
		{41DD35FE-67F7-4381-B019-099B4E0AF2A5}.Debug|Any CPU.ActiveCfg = Debug|Any CPU
		{41DD35FE-67F7-4381-B019-099B4E0AF2A5}.Debug|Any CPU.Build.0 = Debug|Any CPU
		{41DD35FE-67F7-4381-B019-099B4E0AF2A5}.Release|Any CPU.ActiveCfg = Release|Any CPU
		{41DD35FE-67F7-4381-B019-099B4E0AF2A5}.Release|Any CPU.Build.0 = Release|Any CPU
		{3F46F36D-5530-4979-A87E-E3F93BB4AEFB}.Debug|Any CPU.ActiveCfg = Debug|Any CPU
		{3F46F36D-5530-4979-A87E-E3F93BB4AEFB}.Debug|Any CPU.Build.0 = Debug|Any CPU
		{3F46F36D-5530-4979-A87E-E3F93BB4AEFB}.Release|Any CPU.ActiveCfg = Release|Any CPU
		{3F46F36D-5530-4979-A87E-E3F93BB4AEFB}.Release|Any CPU.Build.0 = Release|Any CPU
		{56BD7B48-16BC-4459-AEFA-CD8C930F72C4}.Debug|Any CPU.ActiveCfg = Debug|Any CPU
		{56BD7B48-16BC-4459-AEFA-CD8C930F72C4}.Debug|Any CPU.Build.0 = Debug|Any CPU
		{56BD7B48-16BC-4459-AEFA-CD8C930F72C4}.Release|Any CPU.ActiveCfg = Release|Any CPU
		{56BD7B48-16BC-4459-AEFA-CD8C930F72C4}.Release|Any CPU.Build.0 = Release|Any CPU
		{0A9588B3-6683-407B-92D0-962129CD152F}.Debug|Any CPU.ActiveCfg = Debug|Any CPU
		{0A9588B3-6683-407B-92D0-962129CD152F}.Debug|Any CPU.Build.0 = Debug|Any CPU
		{0A9588B3-6683-407B-92D0-962129CD152F}.Release|Any CPU.ActiveCfg = Release|Any CPU
		{0A9588B3-6683-407B-92D0-962129CD152F}.Release|Any CPU.Build.0 = Release|Any CPU
		{67D8EB73-1C43-48B1-B484-66F00222189A}.Debug|Any CPU.ActiveCfg = Debug|Any CPU
		{67D8EB73-1C43-48B1-B484-66F00222189A}.Debug|Any CPU.Build.0 = Debug|Any CPU
		{67D8EB73-1C43-48B1-B484-66F00222189A}.Release|Any CPU.ActiveCfg = Release|Any CPU
		{67D8EB73-1C43-48B1-B484-66F00222189A}.Release|Any CPU.Build.0 = Release|Any CPU
		{256497F6-512D-48A8-8FBF-DE9869BA5B8D}.Debug|Any CPU.ActiveCfg = Debug|Any CPU
		{256497F6-512D-48A8-8FBF-DE9869BA5B8D}.Debug|Any CPU.Build.0 = Debug|Any CPU
		{256497F6-512D-48A8-8FBF-DE9869BA5B8D}.Release|Any CPU.ActiveCfg = Release|Any CPU
		{256497F6-512D-48A8-8FBF-DE9869BA5B8D}.Release|Any CPU.Build.0 = Release|Any CPU
		{9C16396B-BDE0-4DBE-BC00-77697F8805EB}.Debug|Any CPU.ActiveCfg = Debug|Any CPU
		{9C16396B-BDE0-4DBE-BC00-77697F8805EB}.Debug|Any CPU.Build.0 = Debug|Any CPU
		{9C16396B-BDE0-4DBE-BC00-77697F8805EB}.Release|Any CPU.ActiveCfg = Release|Any CPU
		{9C16396B-BDE0-4DBE-BC00-77697F8805EB}.Release|Any CPU.Build.0 = Release|Any CPU
		{85F78248-B034-4DC1-A032-09ED026804B5}.Debug|Any CPU.ActiveCfg = Debug|Any CPU
		{85F78248-B034-4DC1-A032-09ED026804B5}.Debug|Any CPU.Build.0 = Debug|Any CPU
		{85F78248-B034-4DC1-A032-09ED026804B5}.Release|Any CPU.ActiveCfg = Release|Any CPU
		{85F78248-B034-4DC1-A032-09ED026804B5}.Release|Any CPU.Build.0 = Release|Any CPU
	EndGlobalSection
	GlobalSection(SolutionProperties) = preSolution
		HideSolutionNode = FALSE
	EndGlobalSection
	GlobalSection(ExtensibilityGlobals) = postSolution
		SolutionGuid = {BA868FC3-1882-4655-88CD-457C5EEB6192}
	EndGlobalSection
EndGlobal
